// !$*UTF8*$!
{
	archiveVersion = 1;
	classes = {
	};
	objectVersion = 45;
	objects = {

/* Begin PBXBuildFile section */
		00336E37142DFC7E00E34ED3 /* MCUserItemList.m in Sources */ = {isa = PBXBuildFile; fileRef = 00336E25142DFC7E00E34ED3 /* MCUserItemList.m */; };
		00336E38142DFC7E00E34ED3 /* MCUserItemTypeList.m in Sources */ = {isa = PBXBuildFile; fileRef = 00336E27142DFC7E00E34ED3 /* MCUserItemTypeList.m */; };
		00336E45142E02B800E34ED3 /* MyCloset.xcdatamodel in Sources */ = {isa = PBXBuildFile; fileRef = 00336E44142E02B800E34ED3 /* MyCloset.xcdatamodel */; };
		00336E5F142E083200E34ED3 /* CoreData.framework in Frameworks */ = {isa = PBXBuildFile; fileRef = 00336E5E142E083200E34ED3 /* CoreData.framework */; };
		00336F05142E34BF00E34ED3 /* MCModelHelper.m in Sources */ = {isa = PBXBuildFile; fileRef = 00336F04142E34BF00E34ED3 /* MCModelHelper.m */; };
		00336F14142E381000E34ED3 /* MCFoundation.m in Sources */ = {isa = PBXBuildFile; fileRef = 00336F13142E381000E34ED3 /* MCFoundation.m */; };
		007E4E36143EBC58000367C2 /* MCImageAssemblyView.m in Sources */ = {isa = PBXBuildFile; fileRef = 007E4E35143EBC58000367C2 /* MCImageAssemblyView.m */; };
		008ADED614335D85003D95D6 /* MCItem.m in Sources */ = {isa = PBXBuildFile; fileRef = 008ADED514335D85003D95D6 /* MCItem.m */; };
		008ADEDE14335E6E003D95D6 /* ImageToDataTransformer.m in Sources */ = {isa = PBXBuildFile; fileRef = 008ADEDD14335E6E003D95D6 /* ImageToDataTransformer.m */; };
		008D01B4144086B800E10A7B /* closeButton.png in Resources */ = {isa = PBXBuildFile; fileRef = 008D01B2144086B800E10A7B /* closeButton.png */; };
		008D01B5144086B800E10A7B /* scaleButton.jpeg in Resources */ = {isa = PBXBuildFile; fileRef = 008D01B3144086B800E10A7B /* scaleButton.jpeg */; };
		0097646A14314C28007B9E07 /* MCItemDetailViewController.xib in Resources */ = {isa = PBXBuildFile; fileRef = 0097646914314C28007B9E07 /* MCItemDetailViewController.xib */; };
		0097646E14314C8B007B9E07 /* MCItemDetailViewController.m in Sources */ = {isa = PBXBuildFile; fileRef = 0097646D14314C8B007B9E07 /* MCItemDetailViewController.m */; };
		00A10F1E143497970003D740 /* MobileCoreServices.framework in Frameworks */ = {isa = PBXBuildFile; fileRef = 00A10F1D143497970003D740 /* MobileCoreServices.framework */; };
		00A10F2A143498B40003D740 /* MCViewController.m in Sources */ = {isa = PBXBuildFile; fileRef = 00A10F29143498B40003D740 /* MCViewController.m */; };
		00A7EA721441DF8300F3E5C9 /* MCButton.m in Sources */ = {isa = PBXBuildFile; fileRef = 00A7EA711441DF8300F3E5C9 /* MCButton.m */; };
		00C79B73143D702500441626 /* MCFittingViewController.m in Sources */ = {isa = PBXBuildFile; fileRef = 00C79B72143D702500441626 /* MCFittingViewController.m */; };
		00C79B77143D705000441626 /* MCFittingViewController.xib in Resources */ = {isa = PBXBuildFile; fileRef = 00C79B76143D705000441626 /* MCFittingViewController.xib */; };
		00C96CED142F495C00096794 /* MCImageSliderView.m in Sources */ = {isa = PBXBuildFile; fileRef = 00C96CEC142F495C00096794 /* MCImageSliderView.m */; };
		00C96CF0142F4A7D00096794 /* MeganFox.jpg in Resources */ = {isa = PBXBuildFile; fileRef = 00C96CEF142F4A7D00096794 /* MeganFox.jpg */; };
		00CC0F941437010200AC6C4C /* checkMark.png in Resources */ = {isa = PBXBuildFile; fileRef = 00CC0F931437010200AC6C4C /* checkMark.png */; };
		00CC10431437576400AC6C4C /* QuartzCore.framework in Frameworks */ = {isa = PBXBuildFile; fileRef = 00CC10421437576400AC6C4C /* QuartzCore.framework */; };
		00CC10641437578D00AC6C4C /* CoreGraphics.framework in Frameworks */ = {isa = PBXBuildFile; fileRef = 00CC10631437578D00AC6C4C /* CoreGraphics.framework */; };
		00CDBB07142ECDD900BAEFBB /* MCItemType.m in Sources */ = {isa = PBXBuildFile; fileRef = 00CDBB06142ECDD900BAEFBB /* MCItemType.m */; };
		00CDBB95142EF48900BAEFBB /* MCTableViewController.m in Sources */ = {isa = PBXBuildFile; fileRef = 00CDBB87142EF48900BAEFBB /* MCTableViewController.m */; };
		00CDBB98142EF48900BAEFBB /* MCClosetViewController.m in Sources */ = {isa = PBXBuildFile; fileRef = 00CDBB8E142EF48900BAEFBB /* MCClosetViewController.m */; };
		00CDBB9A142EF48900BAEFBB /* MCItemTypeListViewController.m in Sources */ = {isa = PBXBuildFile; fileRef = 00CDBB92142EF48900BAEFBB /* MCItemTypeListViewController.m */; };
		1D3623260D0F684500981E51 /* MyClosetAppDelegate.m in Sources */ = {isa = PBXBuildFile; fileRef = 1D3623250D0F684500981E51 /* MyClosetAppDelegate.m */; };
		1D60589B0D05DD56006BFB54 /* main.m in Sources */ = {isa = PBXBuildFile; fileRef = 29B97316FDCFA39411CA2CEA /* main.m */; };
		1D60589F0D05DD5A006BFB54 /* Foundation.framework in Frameworks */ = {isa = PBXBuildFile; fileRef = 1D30AB110D05D00D00671497 /* Foundation.framework */; };
		1DF5F4E00D08C38300B7A737 /* UIKit.framework in Frameworks */ = {isa = PBXBuildFile; fileRef = 1DF5F4DF0D08C38300B7A737 /* UIKit.framework */; };
		28AD733F0D9D9553002E5188 /* MainWindow.xib in Resources */ = {isa = PBXBuildFile; fileRef = 28AD733E0D9D9553002E5188 /* MainWindow.xib */; };
/* End PBXBuildFile section */

/* Begin PBXFileReference section */
		00336E23142DFC7E00E34ED3 /* MCModelCommon.h */ = {isa = PBXFileReference; fileEncoding = 4; lastKnownFileType = sourcecode.c.h; path = MCModelCommon.h; sourceTree = "<group>"; };
		00336E24142DFC7E00E34ED3 /* MCUserItemList.h */ = {isa = PBXFileReference; fileEncoding = 4; lastKnownFileType = sourcecode.c.h; path = MCUserItemList.h; sourceTree = "<group>"; };
		00336E25142DFC7E00E34ED3 /* MCUserItemList.m */ = {isa = PBXFileReference; fileEncoding = 4; lastKnownFileType = sourcecode.c.objc; path = MCUserItemList.m; sourceTree = "<group>"; };
		00336E26142DFC7E00E34ED3 /* MCUserItemTypeList.h */ = {isa = PBXFileReference; fileEncoding = 4; lastKnownFileType = sourcecode.c.h; path = MCUserItemTypeList.h; sourceTree = "<group>"; };
		00336E27142DFC7E00E34ED3 /* MCUserItemTypeList.m */ = {isa = PBXFileReference; fileEncoding = 4; lastKnownFileType = sourcecode.c.objc; path = MCUserItemTypeList.m; sourceTree = "<group>"; };
		00336E44142E02B800E34ED3 /* MyCloset.xcdatamodel */ = {isa = PBXFileReference; fileEncoding = 4; lastKnownFileType = wrapper.xcdatamodel; path = MyCloset.xcdatamodel; sourceTree = "<group>"; };
		00336E5E142E083200E34ED3 /* CoreData.framework */ = {isa = PBXFileReference; lastKnownFileType = wrapper.framework; name = CoreData.framework; path = System/Library/Frameworks/CoreData.framework; sourceTree = SDKROOT; };
		00336F03142E34BF00E34ED3 /* MCModelHelper.h */ = {isa = PBXFileReference; fileEncoding = 4; lastKnownFileType = sourcecode.c.h; path = MCModelHelper.h; sourceTree = "<group>"; };
		00336F04142E34BF00E34ED3 /* MCModelHelper.m */ = {isa = PBXFileReference; fileEncoding = 4; lastKnownFileType = sourcecode.c.objc; path = MCModelHelper.m; sourceTree = "<group>"; };
		00336F12142E381000E34ED3 /* MCFoundation.h */ = {isa = PBXFileReference; fileEncoding = 4; lastKnownFileType = sourcecode.c.h; path = MCFoundation.h; sourceTree = "<group>"; };
		00336F13142E381000E34ED3 /* MCFoundation.m */ = {isa = PBXFileReference; fileEncoding = 4; lastKnownFileType = sourcecode.c.objc; path = MCFoundation.m; sourceTree = "<group>"; };
		007E4E34143EBC58000367C2 /* MCImageAssemblyView.h */ = {isa = PBXFileReference; fileEncoding = 4; lastKnownFileType = sourcecode.c.h; path = MCImageAssemblyView.h; sourceTree = "<group>"; };
		007E4E35143EBC58000367C2 /* MCImageAssemblyView.m */ = {isa = PBXFileReference; fileEncoding = 4; lastKnownFileType = sourcecode.c.objc; path = MCImageAssemblyView.m; sourceTree = "<group>"; };
		008ADED414335D85003D95D6 /* MCItem.h */ = {isa = PBXFileReference; fileEncoding = 4; lastKnownFileType = sourcecode.c.h; path = MCItem.h; sourceTree = "<group>"; };
		008ADED514335D85003D95D6 /* MCItem.m */ = {isa = PBXFileReference; fileEncoding = 4; lastKnownFileType = sourcecode.c.objc; path = MCItem.m; sourceTree = "<group>"; };
		008ADEDC14335E6E003D95D6 /* ImageToDataTransformer.h */ = {isa = PBXFileReference; fileEncoding = 4; lastKnownFileType = sourcecode.c.h; path = ImageToDataTransformer.h; sourceTree = "<group>"; };
		008ADEDD14335E6E003D95D6 /* ImageToDataTransformer.m */ = {isa = PBXFileReference; fileEncoding = 4; lastKnownFileType = sourcecode.c.objc; path = ImageToDataTransformer.m; sourceTree = "<group>"; };
		008D01B2144086B800E10A7B /* closeButton.png */ = {isa = PBXFileReference; lastKnownFileType = image.png; path = closeButton.png; sourceTree = "<group>"; };
		008D01B3144086B800E10A7B /* scaleButton.jpeg */ = {isa = PBXFileReference; lastKnownFileType = image.jpeg; path = scaleButton.jpeg; sourceTree = "<group>"; };
		0097646914314C28007B9E07 /* MCItemDetailViewController.xib */ = {isa = PBXFileReference; lastKnownFileType = file.xib; name = MCItemDetailViewController.xib; path = Resources/Xibs/MCItemDetailViewController.xib; sourceTree = "<group>"; };
		0097646C14314C8B007B9E07 /* MCItemDetailViewController.h */ = {isa = PBXFileReference; fileEncoding = 4; lastKnownFileType = sourcecode.c.h; path = MCItemDetailViewController.h; sourceTree = "<group>"; };
		0097646D14314C8B007B9E07 /* MCItemDetailViewController.m */ = {isa = PBXFileReference; fileEncoding = 4; lastKnownFileType = sourcecode.c.objc; path = MCItemDetailViewController.m; sourceTree = "<group>"; };
		00A10F1D143497970003D740 /* MobileCoreServices.framework */ = {isa = PBXFileReference; lastKnownFileType = wrapper.framework; name = MobileCoreServices.framework; path = System/Library/Frameworks/MobileCoreServices.framework; sourceTree = SDKROOT; };
		00A10F28143498B40003D740 /* MCViewController.h */ = {isa = PBXFileReference; fileEncoding = 4; lastKnownFileType = sourcecode.c.h; path = MCViewController.h; sourceTree = "<group>"; };
		00A10F29143498B40003D740 /* MCViewController.m */ = {isa = PBXFileReference; fileEncoding = 4; lastKnownFileType = sourcecode.c.objc; path = MCViewController.m; sourceTree = "<group>"; };
		00A7EA701441DF8300F3E5C9 /* MCButton.h */ = {isa = PBXFileReference; fileEncoding = 4; lastKnownFileType = sourcecode.c.h; path = MCButton.h; sourceTree = "<group>"; };
		00A7EA711441DF8300F3E5C9 /* MCButton.m */ = {isa = PBXFileReference; fileEncoding = 4; lastKnownFileType = sourcecode.c.objc; path = MCButton.m; sourceTree = "<group>"; };
		00C79B71143D702500441626 /* MCFittingViewController.h */ = {isa = PBXFileReference; fileEncoding = 4; lastKnownFileType = sourcecode.c.h; path = MCFittingViewController.h; sourceTree = "<group>"; };
		00C79B72143D702500441626 /* MCFittingViewController.m */ = {isa = PBXFileReference; fileEncoding = 4; lastKnownFileType = sourcecode.c.objc; path = MCFittingViewController.m; sourceTree = "<group>"; };
		00C79B76143D705000441626 /* MCFittingViewController.xib */ = {isa = PBXFileReference; lastKnownFileType = file.xib; path = MCFittingViewController.xib; sourceTree = "<group>"; };
		00C96CEB142F495C00096794 /* MCImageSliderView.h */ = {isa = PBXFileReference; fileEncoding = 4; lastKnownFileType = sourcecode.c.h; path = MCImageSliderView.h; sourceTree = "<group>"; };
		00C96CEC142F495C00096794 /* MCImageSliderView.m */ = {isa = PBXFileReference; fileEncoding = 4; lastKnownFileType = sourcecode.c.objc; path = MCImageSliderView.m; sourceTree = "<group>"; };
		00C96CEF142F4A7D00096794 /* MeganFox.jpg */ = {isa = PBXFileReference; lastKnownFileType = image.jpeg; path = MeganFox.jpg; sourceTree = "<group>"; };
		00CC0F931437010200AC6C4C /* checkMark.png */ = {isa = PBXFileReference; lastKnownFileType = image.png; path = checkMark.png; sourceTree = "<group>"; };
		00CC10421437576400AC6C4C /* QuartzCore.framework */ = {isa = PBXFileReference; lastKnownFileType = wrapper.framework; name = QuartzCore.framework; path = System/Library/Frameworks/QuartzCore.framework; sourceTree = SDKROOT; };
		00CC10631437578D00AC6C4C /* CoreGraphics.framework */ = {isa = PBXFileReference; lastKnownFileType = wrapper.framework; name = CoreGraphics.framework; path = System/Library/Frameworks/CoreGraphics.framework; sourceTree = SDKROOT; };
		00CDBB05142ECDD900BAEFBB /* MCItemType.h */ = {isa = PBXFileReference; fileEncoding = 4; lastKnownFileType = sourcecode.c.h; path = MCItemType.h; sourceTree = "<group>"; };
		00CDBB06142ECDD900BAEFBB /* MCItemType.m */ = {isa = PBXFileReference; fileEncoding = 4; lastKnownFileType = sourcecode.c.objc; path = MCItemType.m; sourceTree = "<group>"; };
		00CDBB86142EF48900BAEFBB /* MCTableViewController.h */ = {isa = PBXFileReference; fileEncoding = 4; lastKnownFileType = sourcecode.c.h; path = MCTableViewController.h; sourceTree = "<group>"; };
		00CDBB87142EF48900BAEFBB /* MCTableViewController.m */ = {isa = PBXFileReference; fileEncoding = 4; lastKnownFileType = sourcecode.c.objc; path = MCTableViewController.m; sourceTree = "<group>"; };
		00CDBB88142EF48900BAEFBB /* MCUICommon.h */ = {isa = PBXFileReference; fileEncoding = 4; lastKnownFileType = sourcecode.c.h; path = MCUICommon.h; sourceTree = "<group>"; };
		00CDBB8D142EF48900BAEFBB /* MCClosetViewController.h */ = {isa = PBXFileReference; fileEncoding = 4; lastKnownFileType = sourcecode.c.h; path = MCClosetViewController.h; sourceTree = "<group>"; };
		00CDBB8E142EF48900BAEFBB /* MCClosetViewController.m */ = {isa = PBXFileReference; fileEncoding = 4; lastKnownFileType = sourcecode.c.objc; path = MCClosetViewController.m; sourceTree = "<group>"; };
		00CDBB91142EF48900BAEFBB /* MCItemTypeListViewController.h */ = {isa = PBXFileReference; fileEncoding = 4; lastKnownFileType = sourcecode.c.h; path = MCItemTypeListViewController.h; sourceTree = "<group>"; };
		00CDBB92142EF48900BAEFBB /* MCItemTypeListViewController.m */ = {isa = PBXFileReference; fileEncoding = 4; lastKnownFileType = sourcecode.c.objc; path = MCItemTypeListViewController.m; sourceTree = "<group>"; };
		1D30AB110D05D00D00671497 /* Foundation.framework */ = {isa = PBXFileReference; lastKnownFileType = wrapper.framework; name = Foundation.framework; path = System/Library/Frameworks/Foundation.framework; sourceTree = SDKROOT; };
		1D3623240D0F684500981E51 /* MyClosetAppDelegate.h */ = {isa = PBXFileReference; fileEncoding = 4; lastKnownFileType = sourcecode.c.h; path = MyClosetAppDelegate.h; sourceTree = "<group>"; };
		1D3623250D0F684500981E51 /* MyClosetAppDelegate.m */ = {isa = PBXFileReference; fileEncoding = 4; lastKnownFileType = sourcecode.c.objc; path = MyClosetAppDelegate.m; sourceTree = "<group>"; };
		1D6058910D05DD3D006BFB54 /* MyCloset.app */ = {isa = PBXFileReference; explicitFileType = wrapper.application; includeInIndex = 0; path = MyCloset.app; sourceTree = BUILT_PRODUCTS_DIR; };
		1DF5F4DF0D08C38300B7A737 /* UIKit.framework */ = {isa = PBXFileReference; lastKnownFileType = wrapper.framework; name = UIKit.framework; path = System/Library/Frameworks/UIKit.framework; sourceTree = SDKROOT; };
		28AD733E0D9D9553002E5188 /* MainWindow.xib */ = {isa = PBXFileReference; lastKnownFileType = file.xib; path = MainWindow.xib; sourceTree = "<group>"; };
		29B97316FDCFA39411CA2CEA /* main.m */ = {isa = PBXFileReference; fileEncoding = 4; lastKnownFileType = sourcecode.c.objc; path = main.m; sourceTree = "<group>"; };
		32CA4F630368D1EE00C91783 /* MyCloset_Prefix.pch */ = {isa = PBXFileReference; fileEncoding = 4; lastKnownFileType = sourcecode.c.h; path = MyCloset_Prefix.pch; sourceTree = "<group>"; };
		8D1107310486CEB800E47090 /* MyCloset-Info.plist */ = {isa = PBXFileReference; fileEncoding = 4; lastKnownFileType = text.plist.xml; path = "MyCloset-Info.plist"; plistStructureDefinitionIdentifier = "com.apple.xcode.plist.structure-definition.iphone.info-plist"; sourceTree = "<group>"; };
/* End PBXFileReference section */

/* Begin PBXFrameworksBuildPhase section */
		1D60588F0D05DD3D006BFB54 /* Frameworks */ = {
			isa = PBXFrameworksBuildPhase;
			buildActionMask = 2147483647;
			files = (
				1D60589F0D05DD5A006BFB54 /* Foundation.framework in Frameworks */,
				1DF5F4E00D08C38300B7A737 /* UIKit.framework in Frameworks */,
				00336E5F142E083200E34ED3 /* CoreData.framework in Frameworks */,
				00A10F1E143497970003D740 /* MobileCoreServices.framework in Frameworks */,
				00CC10431437576400AC6C4C /* QuartzCore.framework in Frameworks */,
				00CC10641437578D00AC6C4C /* CoreGraphics.framework in Frameworks */,
			);
			runOnlyForDeploymentPostprocessing = 0;
		};
/* End PBXFrameworksBuildPhase section */

/* Begin PBXGroup section */
		00336E18142DFC7E00E34ED3 /* Foundation */ = {
			isa = PBXGroup;
			children = (
				00336F12142E381000E34ED3 /* MCFoundation.h */,
				00336F13142E381000E34ED3 /* MCFoundation.m */,
			);
			path = Foundation;
			sourceTree = "<group>";
		};
		00336E1B142DFC7E00E34ED3 /* Models */ = {
			isa = PBXGroup;
			children = (
				00336E1C142DFC7E00E34ED3 /* Common */,
				00336E24142DFC7E00E34ED3 /* MCUserItemList.h */,
				00336E25142DFC7E00E34ED3 /* MCUserItemList.m */,
				00336E26142DFC7E00E34ED3 /* MCUserItemTypeList.h */,
				00336E27142DFC7E00E34ED3 /* MCUserItemTypeList.m */,
			);
			path = Models;
			sourceTree = "<group>";
		};
		00336E1C142DFC7E00E34ED3 /* Common */ = {
			isa = PBXGroup;
			children = (
				008ADED414335D85003D95D6 /* MCItem.h */,
				008ADED514335D85003D95D6 /* MCItem.m */,
				00CDBB05142ECDD900BAEFBB /* MCItemType.h */,
				00CDBB06142ECDD900BAEFBB /* MCItemType.m */,
				00336E23142DFC7E00E34ED3 /* MCModelCommon.h */,
				00336F03142E34BF00E34ED3 /* MCModelHelper.h */,
				00336F04142E34BF00E34ED3 /* MCModelHelper.m */,
				00336E44142E02B800E34ED3 /* MyCloset.xcdatamodel */,
				008ADEDC14335E6E003D95D6 /* ImageToDataTransformer.h */,
				008ADEDD14335E6E003D95D6 /* ImageToDataTransformer.m */,
			);
			path = Common;
			sourceTree = "<group>";
		};
		00336E52142E058F00E34ED3 /* Xibs */ = {
			isa = PBXGroup;
			children = (
				0097646914314C28007B9E07 /* MCItemDetailViewController.xib */,
				00C79B76143D705000441626 /* MCFittingViewController.xib */,
			);
			name = Xibs;
			sourceTree = "<group>";
		};
		00C96CEE142F4A7D00096794 /* Images */ = {
			isa = PBXGroup;
			children = (
				008D01B2144086B800E10A7B /* closeButton.png */,
				008D01B3144086B800E10A7B /* scaleButton.jpeg */,
				00CC0F931437010200AC6C4C /* checkMark.png */,
				00C96CEF142F4A7D00096794 /* MeganFox.jpg */,
			);
			name = Images;
			path = Resources/Images;
			sourceTree = "<group>";
		};
		00CDBB84142EF48900BAEFBB /* UI */ = {
			isa = PBXGroup;
			children = (
				00CDBB85142EF48900BAEFBB /* Common */,
				00CDBB8D142EF48900BAEFBB /* MCClosetViewController.h */,
				00CDBB8E142EF48900BAEFBB /* MCClosetViewController.m */,
				00CDBB91142EF48900BAEFBB /* MCItemTypeListViewController.h */,
				00CDBB92142EF48900BAEFBB /* MCItemTypeListViewController.m */,
				0097646C14314C8B007B9E07 /* MCItemDetailViewController.h */,
				0097646D14314C8B007B9E07 /* MCItemDetailViewController.m */,
				00C79B71143D702500441626 /* MCFittingViewController.h */,
				00C79B72143D702500441626 /* MCFittingViewController.m */,
			);
			path = UI;
			sourceTree = "<group>";
		};
		00CDBB85142EF48900BAEFBB /* Common */ = {
			isa = PBXGroup;
			children = (
				00CDBB86142EF48900BAEFBB /* MCTableViewController.h */,
				00CDBB87142EF48900BAEFBB /* MCTableViewController.m */,
				00C96CEB142F495C00096794 /* MCImageSliderView.h */,
				00C96CEC142F495C00096794 /* MCImageSliderView.m */,
				00CDBB88142EF48900BAEFBB /* MCUICommon.h */,
				00A10F28143498B40003D740 /* MCViewController.h */,
				00A10F29143498B40003D740 /* MCViewController.m */,
				007E4E34143EBC58000367C2 /* MCImageAssemblyView.h */,
				007E4E35143EBC58000367C2 /* MCImageAssemblyView.m */,
				00A7EA701441DF8300F3E5C9 /* MCButton.h */,
				00A7EA711441DF8300F3E5C9 /* MCButton.m */,
			);
			path = Common;
			sourceTree = "<group>";
		};
		080E96DDFE201D6D7F000001 /* Classes */ = {
			isa = PBXGroup;
			children = (
				00336E18142DFC7E00E34ED3 /* Foundation */,
				00336E1B142DFC7E00E34ED3 /* Models */,
				00CDBB84142EF48900BAEFBB /* UI */,
				1D3623240D0F684500981E51 /* MyClosetAppDelegate.h */,
				1D3623250D0F684500981E51 /* MyClosetAppDelegate.m */,
			);
			path = Classes;
			sourceTree = "<group>";
		};
		19C28FACFE9D520D11CA2CBB /* Products */ = {
			isa = PBXGroup;
			children = (
				1D6058910D05DD3D006BFB54 /* MyCloset.app */,
			);
			name = Products;
			sourceTree = "<group>";
		};
		29B97314FDCFA39411CA2CEA /* CustomTemplate */ = {
			isa = PBXGroup;
			children = (
				080E96DDFE201D6D7F000001 /* Classes */,
				29B97315FDCFA39411CA2CEA /* Other Sources */,
				29B97317FDCFA39411CA2CEA /* Resources */,
				29B97323FDCFA39411CA2CEA /* Frameworks */,
				19C28FACFE9D520D11CA2CBB /* Products */,
			);
			name = CustomTemplate;
			sourceTree = "<group>";
		};
		29B97315FDCFA39411CA2CEA /* Other Sources */ = {
			isa = PBXGroup;
			children = (
				32CA4F630368D1EE00C91783 /* MyCloset_Prefix.pch */,
				29B97316FDCFA39411CA2CEA /* main.m */,
			);
			name = "Other Sources";
			sourceTree = "<group>";
		};
		29B97317FDCFA39411CA2CEA /* Resources */ = {
			isa = PBXGroup;
			children = (
				00C96CEE142F4A7D00096794 /* Images */,
				00336E52142E058F00E34ED3 /* Xibs */,
				28AD733E0D9D9553002E5188 /* MainWindow.xib */,
				8D1107310486CEB800E47090 /* MyCloset-Info.plist */,
			);
			name = Resources;
			sourceTree = "<group>";
		};
		29B97323FDCFA39411CA2CEA /* Frameworks */ = {
			isa = PBXGroup;
			children = (
				00CC10421437576400AC6C4C /* QuartzCore.framework */,
				1DF5F4DF0D08C38300B7A737 /* UIKit.framework */,
				1D30AB110D05D00D00671497 /* Foundation.framework */,
				00336E5E142E083200E34ED3 /* CoreData.framework */,
				00A10F1D143497970003D740 /* MobileCoreServices.framework */,
				00CC10631437578D00AC6C4C /* CoreGraphics.framework */,
			);
			name = Frameworks;
			sourceTree = "<group>";
		};
/* End PBXGroup section */

/* Begin PBXNativeTarget section */
		1D6058900D05DD3D006BFB54 /* MyCloset */ = {
			isa = PBXNativeTarget;
			buildConfigurationList = 1D6058960D05DD3E006BFB54 /* Build configuration list for PBXNativeTarget "MyCloset" */;
			buildPhases = (
				1D60588D0D05DD3D006BFB54 /* Resources */,
				1D60588E0D05DD3D006BFB54 /* Sources */,
				1D60588F0D05DD3D006BFB54 /* Frameworks */,
			);
			buildRules = (
			);
			dependencies = (
			);
			name = MyCloset;
			productName = MyCloset;
			productReference = 1D6058910D05DD3D006BFB54 /* MyCloset.app */;
			productType = "com.apple.product-type.application";
		};
/* End PBXNativeTarget section */

/* Begin PBXProject section */
		29B97313FDCFA39411CA2CEA /* Project object */ = {
			isa = PBXProject;
			buildConfigurationList = C01FCF4E08A954540054247B /* Build configuration list for PBXProject "MyCloset" */;
			compatibilityVersion = "Xcode 3.1";
			developmentRegion = English;
			hasScannedForEncodings = 1;
			knownRegions = (
				English,
				Japanese,
				French,
				German,
			);
			mainGroup = 29B97314FDCFA39411CA2CEA /* CustomTemplate */;
			projectDirPath = "";
			projectRoot = "";
			targets = (
				1D6058900D05DD3D006BFB54 /* MyCloset */,
			);
		};
/* End PBXProject section */

/* Begin PBXResourcesBuildPhase section */
		1D60588D0D05DD3D006BFB54 /* Resources */ = {
			isa = PBXResourcesBuildPhase;
			buildActionMask = 2147483647;
			files = (
				28AD733F0D9D9553002E5188 /* MainWindow.xib in Resources */,
				00C96CF0142F4A7D00096794 /* MeganFox.jpg in Resources */,
				0097646A14314C28007B9E07 /* MCItemDetailViewController.xib in Resources */,
				00CC0F941437010200AC6C4C /* checkMark.png in Resources */,
				00C79B77143D705000441626 /* MCFittingViewController.xib in Resources */,
				008D01B4144086B800E10A7B /* closeButton.png in Resources */,
				008D01B5144086B800E10A7B /* scaleButton.jpeg in Resources */,
			);
			runOnlyForDeploymentPostprocessing = 0;
		};
/* End PBXResourcesBuildPhase section */

/* Begin PBXSourcesBuildPhase section */
		1D60588E0D05DD3D006BFB54 /* Sources */ = {
			isa = PBXSourcesBuildPhase;
			buildActionMask = 2147483647;
			files = (
				1D60589B0D05DD56006BFB54 /* main.m in Sources */,
				1D3623260D0F684500981E51 /* MyClosetAppDelegate.m in Sources */,
				00336E37142DFC7E00E34ED3 /* MCUserItemList.m in Sources */,
				00336E38142DFC7E00E34ED3 /* MCUserItemTypeList.m in Sources */,
				00336E45142E02B800E34ED3 /* MyCloset.xcdatamodel in Sources */,
				00336F05142E34BF00E34ED3 /* MCModelHelper.m in Sources */,
				00336F14142E381000E34ED3 /* MCFoundation.m in Sources */,
				00CDBB07142ECDD900BAEFBB /* MCItemType.m in Sources */,
				00CDBB95142EF48900BAEFBB /* MCTableViewController.m in Sources */,
				00CDBB98142EF48900BAEFBB /* MCClosetViewController.m in Sources */,
				00CDBB9A142EF48900BAEFBB /* MCItemTypeListViewController.m in Sources */,
				00C96CED142F495C00096794 /* MCImageSliderView.m in Sources */,
				0097646E14314C8B007B9E07 /* MCItemDetailViewController.m in Sources */,
				008ADED614335D85003D95D6 /* MCItem.m in Sources */,
				008ADEDE14335E6E003D95D6 /* ImageToDataTransformer.m in Sources */,
				00A10F2A143498B40003D740 /* MCViewController.m in Sources */,
				00C79B73143D702500441626 /* MCFittingViewController.m in Sources */,
				007E4E36143EBC58000367C2 /* MCImageAssemblyView.m in Sources */,
				00A7EA721441DF8300F3E5C9 /* MCButton.m in Sources */,
			);
			runOnlyForDeploymentPostprocessing = 0;
		};
/* End PBXSourcesBuildPhase section */

/* Begin XCBuildConfiguration section */
		1D6058940D05DD3E006BFB54 /* Debug */ = {
			isa = XCBuildConfiguration;
			buildSettings = {
				ALWAYS_SEARCH_USER_PATHS = NO;
				COPY_PHASE_STRIP = NO;
				GCC_DYNAMIC_NO_PIC = NO;
				GCC_OPTIMIZATION_LEVEL = 0;
				GCC_PRECOMPILE_PREFIX_HEADER = YES;
				GCC_PREFIX_HEADER = MyCloset_Prefix.pch;
				INFOPLIST_FILE = "MyCloset-Info.plist";
				PRODUCT_NAME = MyCloset;
			};
			name = Debug;
		};
		1D6058950D05DD3E006BFB54 /* Release */ = {
			isa = XCBuildConfiguration;
			buildSettings = {
				ALWAYS_SEARCH_USER_PATHS = NO;
				COPY_PHASE_STRIP = YES;
				GCC_PRECOMPILE_PREFIX_HEADER = YES;
				GCC_PREFIX_HEADER = MyCloset_Prefix.pch;
				INFOPLIST_FILE = "MyCloset-Info.plist";
				PRODUCT_NAME = MyCloset;
				VALIDATE_PRODUCT = YES;
			};
			name = Release;
		};
		C01FCF4F08A954540054247B /* Debug */ = {
			isa = XCBuildConfiguration;
			buildSettings = {
				ARCHS = "$(ARCHS_STANDARD_32_BIT)";
				CODE_SIGN_IDENTITY = "iPhone Developer: Haoqi Huang (5Z27W3ULFT)";
				"CODE_SIGN_IDENTITY[sdk=iphoneos*]" = "iPhone Developer: Haoqi Huang (5Z27W3ULFT)";
				GCC_C_LANGUAGE_STANDARD = c99;
				GCC_WARN_ABOUT_RETURN_TYPE = YES;
				GCC_WARN_UNUSED_VARIABLE = YES;
				PREBINDING = NO;
				PROVISIONING_PROFILE = "952C3F5F-B89D-4F0B-8A9B-C6836279A828";
				"PROVISIONING_PROFILE[sdk=iphoneos*]" = "952C3F5F-B89D-4F0B-8A9B-C6836279A828";
				SDKROOT = iphoneos;
			};
			name = Debug;
		};
		C01FCF5008A954540054247B /* Release */ = {
			isa = XCBuildConfiguration;
			buildSettings = {
				ARCHS = "$(ARCHS_STANDARD_32_BIT)";
				CODE_SIGN_IDENTITY = "iPhone Developer: Haoqi Huang (5Z27W3ULFT)";
				"CODE_SIGN_IDENTITY[sdk=iphoneos*]" = "iPhone Developer: Haoqi Huang (5Z27W3ULFT)";
				GCC_C_LANGUAGE_STANDARD = c99;
				GCC_WARN_ABOUT_RETURN_TYPE = YES;
				GCC_WARN_UNUSED_VARIABLE = YES;
				OTHER_CFLAGS = "-DNS_BLOCK_ASSERTIONS=1";
				PREBINDING = NO;
				PROVISIONING_PROFILE = "952C3F5F-B89D-4F0B-8A9B-C6836279A828";
				"PROVISIONING_PROFILE[sdk=iphoneos*]" = "952C3F5F-B89D-4F0B-8A9B-C6836279A828";
				SDKROOT = iphoneos;
			};
			name = Release;
		};
/* End XCBuildConfiguration section */

/* Begin XCConfigurationList section */
		1D6058960D05DD3E006BFB54 /* Build configuration list for PBXNativeTarget "MyCloset" */ = {
			isa = XCConfigurationList;
			buildConfigurations = (
				1D6058940D05DD3E006BFB54 /* Debug */,
				1D6058950D05DD3E006BFB54 /* Release */,
			);
			defaultConfigurationIsVisible = 0;
			defaultConfigurationName = Release;
		};
		C01FCF4E08A954540054247B /* Build configuration list for PBXProject "MyCloset" */ = {
			isa = XCConfigurationList;
			buildConfigurations = (
				C01FCF4F08A954540054247B /* Debug */,
				C01FCF5008A954540054247B /* Release */,
			);
			defaultConfigurationIsVisible = 0;
			defaultConfigurationName = Release;
		};
/* End XCConfigurationList section */
	};
	rootObject = 29B97313FDCFA39411CA2CEA /* Project object */;
}
